
Microsoft Visual Studio Solution File, Format Version 12.00
# Visual Studio Version 17
VisualStudioVersion = 17.6.33712.159
MinimumVisualStudioVersion = 10.0.40219.1
Project("{9A19103F-16F7-4668-BE54-9A1E7A4F7556}") = "CovidTracker", "CovidTracker\CovidTracker.csproj", "{52C08E29-01F5-437C-ACB6-91E48896F414}"
EndProject
Project("{FAE04EC0-301F-11D3-BF4B-00C04F79EFBC}") = "CovidTracker.Test", "CovidTracker.Test\CovidTracker.Test.csproj", "{B2DBE3A7-6865-4277-B46F-E6916F199539}"
EndProject
Global
	GlobalSection(SolutionConfigurationPlatforms) = preSolution
		Debug|Any CPU = Debug|Any CPU
		Release|Any CPU = Release|Any CPU
	EndGlobalSection
	GlobalSection(ProjectConfigurationPlatforms) = postSolution
		{52C08E29-01F5-437C-ACB6-91E48896F414}.Debug|Any CPU.ActiveCfg = Debug|Any CPU
		{52C08E29-01F5-437C-ACB6-91E48896F414}.Debug|Any CPU.Build.0 = Debug|Any CPU
		{52C08E29-01F5-437C-ACB6-91E48896F414}.Release|Any CPU.ActiveCfg = Release|Any CPU
		{52C08E29-01F5-437C-ACB6-91E48896F414}.Release|Any CPU.Build.0 = Release|Any CPU
		{B2DBE3A7-6865-4277-B46F-E6916F199539}.Debug|Any CPU.ActiveCfg = Debug|Any CPU
		{B2DBE3A7-6865-4277-B46F-E6916F199539}.Debug|Any CPU.Build.0 = Debug|Any CPU
		{B2DBE3A7-6865-4277-B46F-E6916F199539}.Release|Any CPU.ActiveCfg = Release|Any CPU
		{B2DBE3A7-6865-4277-B46F-E6916F199539}.Release|Any CPU.Build.0 = Release|Any CPU
	EndGlobalSection
	GlobalSection(SolutionProperties) = preSolution
		HideSolutionNode = FALSE
	EndGlobalSection
	GlobalSection(ExtensibilityGlobals) = postSolution
		SolutionGuid = {DC0E1D0F-58CD-4D33-8D70-F675C630F64F}
	EndGlobalSection
EndGlobal
